
Microsoft Visual Studio Solution File, Format Version 12.00
# Visual Studio 2013
VisualStudioVersion = 12.0.30501.0
MinimumVisualStudioVersion = 10.0.40219.1
Project("{FAE04EC0-301F-11D3-BF4B-00C04F79EFBC}") = "Toggled", "Toggled\Toggled.csproj", "{63BE3E3D-B24E-4248-88A2-AFFB5EF13FCB}"
EndProject
Project("{FAE04EC0-301F-11D3-BF4B-00C04F79EFBC}") = "Toggled.Tests", "Toggled.Tests\Toggled.Tests.csproj", "{3B6D8530-1201-4551-BEC4-DF1518DFF98A}"
EndProject
Global
	GlobalSection(SolutionConfigurationPlatforms) = preSolution
		Debug|Any CPU = Debug|Any CPU
		Release|Any CPU = Release|Any CPU
	EndGlobalSection
	GlobalSection(ProjectConfigurationPlatforms) = postSolution
		{63BE3E3D-B24E-4248-88A2-AFFB5EF13FCB}.Debug|Any CPU.ActiveCfg = Debug|Any CPU
		{63BE3E3D-B24E-4248-88A2-AFFB5EF13FCB}.Debug|Any CPU.Build.0 = Debug|Any CPU
		{63BE3E3D-B24E-4248-88A2-AFFB5EF13FCB}.Release|Any CPU.ActiveCfg = Release|Any CPU
		{63BE3E3D-B24E-4248-88A2-AFFB5EF13FCB}.Release|Any CPU.Build.0 = Release|Any CPU
		{3B6D8530-1201-4551-BEC4-DF1518DFF98A}.Debug|Any CPU.ActiveCfg = Debug|Any CPU
		{3B6D8530-1201-4551-BEC4-DF1518DFF98A}.Debug|Any CPU.Build.0 = Debug|Any CPU
		{3B6D8530-1201-4551-BEC4-DF1518DFF98A}.Release|Any CPU.ActiveCfg = Release|Any CPU
		{3B6D8530-1201-4551-BEC4-DF1518DFF98A}.Release|Any CPU.Build.0 = Release|Any CPU
	EndGlobalSection
	GlobalSection(SolutionProperties) = preSolution
		HideSolutionNode = FALSE
	EndGlobalSection
EndGlobal
